
Microsoft Visual Studio Solution File, Format Version 12.00
# Visual Studio Version 16
VisualStudioVersion = 16.0.31019.35
MinimumVisualStudioVersion = 10.0.40219.1
Project("{9A19103F-16F7-4668-BE54-9A1E7A4F7556}") = "Workaround", "Workaround\Workaround.csproj", "{6FA7F70A-C4FE-42A5-BB63-BFF07B569C67}"
EndProject
Project("{9A19103F-16F7-4668-BE54-9A1E7A4F7556}") = "Business", "Business\Business.csproj", "{38E011E8-2CBA-4629-AB28-97A14BDAC8D7}"
EndProject
Project("{FAE04EC0-301F-11D3-BF4B-00C04F79EFBC}") = "Entities", "Entities\Entities.csproj", "{95E98092-5ABF-4416-A341-9348D6EF392E}"
EndProject
Global
	GlobalSection(SolutionConfigurationPlatforms) = preSolution
		Debug|Any CPU = Debug|Any CPU
		Release|Any CPU = Release|Any CPU
	EndGlobalSection
	GlobalSection(ProjectConfigurationPlatforms) = postSolution
		{6FA7F70A-C4FE-42A5-BB63-BFF07B569C67}.Debug|Any CPU.ActiveCfg = Debug|Any CPU
		{6FA7F70A-C4FE-42A5-BB63-BFF07B569C67}.Debug|Any CPU.Build.0 = Debug|Any CPU
		{6FA7F70A-C4FE-42A5-BB63-BFF07B569C67}.Release|Any CPU.ActiveCfg = Release|Any CPU
		{6FA7F70A-C4FE-42A5-BB63-BFF07B569C67}.Release|Any CPU.Build.0 = Release|Any CPU
		{38E011E8-2CBA-4629-AB28-97A14BDAC8D7}.Debug|Any CPU.ActiveCfg = Debug|Any CPU
		{38E011E8-2CBA-4629-AB28-97A14BDAC8D7}.Debug|Any CPU.Build.0 = Debug|Any CPU
		{38E011E8-2CBA-4629-AB28-97A14BDAC8D7}.Release|Any CPU.ActiveCfg = Release|Any CPU
		{38E011E8-2CBA-4629-AB28-97A14BDAC8D7}.Release|Any CPU.Build.0 = Release|Any CPU
		{95E98092-5ABF-4416-A341-9348D6EF392E}.Debug|Any CPU.ActiveCfg = Debug|Any CPU
		{95E98092-5ABF-4416-A341-9348D6EF392E}.Debug|Any CPU.Build.0 = Debug|Any CPU
		{95E98092-5ABF-4416-A341-9348D6EF392E}.Release|Any CPU.ActiveCfg = Release|Any CPU
		{95E98092-5ABF-4416-A341-9348D6EF392E}.Release|Any CPU.Build.0 = Release|Any CPU
	EndGlobalSection
	GlobalSection(SolutionProperties) = preSolution
		HideSolutionNode = FALSE
	EndGlobalSection
	GlobalSection(ExtensibilityGlobals) = postSolution
		SolutionGuid = {8175F1A6-FAAB-4B7D-88C3-5DC4F3426F86}
	EndGlobalSection
EndGlobal
